
Microsoft Visual Studio Solution File, Format Version 12.00
# Visual Studio Version 16
VisualStudioVersion = 16.0.29519.181
MinimumVisualStudioVersion = 10.0.40219.1
Project("{FAE04EC0-301F-11D3-BF4B-00C04F79EFBC}") = "MillitaryUnit", "MillitaryUnit.csproj", "{6C455664-C7D4-48BE-A20F-976E4BD3EEF6}"
EndProject
Global
	GlobalSection(SolutionConfigurationPlatforms) = preSolution
		Debug|Any CPU = Debug|Any CPU
		Release|Any CPU = Release|Any CPU
	EndGlobalSection
	GlobalSection(ProjectConfigurationPlatforms) = postSolution
		{6C455664-C7D4-48BE-A20F-976E4BD3EEF6}.Debug|Any CPU.ActiveCfg = Debug|Any CPU
		{6C455664-C7D4-48BE-A20F-976E4BD3EEF6}.Debug|Any CPU.Build.0 = Debug|Any CPU
		{6C455664-C7D4-48BE-A20F-976E4BD3EEF6}.Release|Any CPU.ActiveCfg = Release|Any CPU
		{6C455664-C7D4-48BE-A20F-976E4BD3EEF6}.Release|Any CPU.Build.0 = Release|Any CPU
	EndGlobalSection
	GlobalSection(SolutionProperties) = preSolution
		HideSolutionNode = FALSE
	EndGlobalSection
	GlobalSection(ExtensibilityGlobals) = postSolution
		SolutionGuid = {4EFA23B8-B4FB-4928-BA26-1C31C5059587}
	EndGlobalSection
EndGlobal
